Microsoft Visual Studio Solution File, Format Version 12.00
# Visual Studio 2012
Project("{FAE04EC0-301F-11D3-BF4B-00C04F79EFBC}") = "collab-jam", "collab-jam.csproj", "{DF2F9573-115E-4D13-A9B6-B56149228ECB}"
EndProject
Global
	GlobalSection(SolutionConfigurationPlatforms) = preSolution
	Debug|Any CPU = Debug|Any CPU
	ExportDebug|Any CPU = ExportDebug|Any CPU
	ExportRelease|Any CPU = ExportRelease|Any CPU
	EndGlobalSection
	GlobalSection(ProjectConfigurationPlatforms) = postSolution
		{DF2F9573-115E-4D13-A9B6-B56149228ECB}.Debug|Any CPU.ActiveCfg = Debug|Any CPU
		{DF2F9573-115E-4D13-A9B6-B56149228ECB}.Debug|Any CPU.Build.0 = Debug|Any CPU
		{DF2F9573-115E-4D13-A9B6-B56149228ECB}.ExportDebug|Any CPU.ActiveCfg = ExportDebug|Any CPU
		{DF2F9573-115E-4D13-A9B6-B56149228ECB}.ExportDebug|Any CPU.Build.0 = ExportDebug|Any CPU
		{DF2F9573-115E-4D13-A9B6-B56149228ECB}.ExportRelease|Any CPU.ActiveCfg = ExportRelease|Any CPU
		{DF2F9573-115E-4D13-A9B6-B56149228ECB}.ExportRelease|Any CPU.Build.0 = ExportRelease|Any CPU
	EndGlobalSection
EndGlobal
